<?xml version="1.0" encoding="utf-8"?>
<Project ToolsVersion="15.0" xmlns="http://schemas.microsoft.com/developer/msbuild/2003">
  <ItemGroup>
    <Filter Include="Assets">
      <UniqueIdentifier>c5eb7497-ad9a-44c6-be8c-639a914d3667</UniqueIdentifier>
      <Extensions>bmp;fbx;gif;jpg;jpeg;tga;tiff;tif;png</Extensions>
    </Filter>
    <Filter Include="Audio">
      <UniqueIdentifier>457e47d3-76cd-4a2a-b2ab-a55472b1e7be</UniqueIdentifier>
    </Filter>
    <Filter Include="GameLevels">
      <UniqueIdentifier>{8f1b6d87-9072-4136-8ec0-0d6e674c9eb6}</UniqueIdentifier>
    </Filter>
    <Filter Include="Input">
      <UniqueIdentifier>{c876feb0-b4c5-46e2-b420-fc8f43a54254}</UniqueIdentifier>
    </Filter>
    <Filter Include="Meshes">
      <UniqueIdentifier>{e67ea002-851c-4cc8-96f5-0cd0f4ece990}</UniqueIdentifier>
    </Filter>
    <Filter Include="Rendering">
      <UniqueIdentifier>{6f53816b-0174-4855-af01-e0034dbde2c0}</UniqueIdentifier>
    </Filter>
    <Filter Include="Resources">
      <UniqueIdentifier>{aae3f971-7e73-4bfa-bc9e-fbf352b8d2dd}</UniqueIdentifier>
    </Filter>
    <Filter Include="Shaders">
      <UniqueIdentifier>{da4d67ab-04b7-44d4-acf1-1dfe8ddfc833}</UniqueIdentifier>
    </Filter>
    <Filter Include="Utilities">
      <UniqueIdentifier>{037bc164-bbee-4b3d-985f-18f757793cfe}</UniqueIdentifier>
    </Filter>
    <Filter Include="GameObjects">
      <UniqueIdentifier>{8b589637-b614-483b-9b4a-5896d5b42561}</UniqueIdentifier>
    </Filter>
  </ItemGroup>
  <ItemGroup>
    <ClCompile Include="pch.cpp" />
    <ClCompile Include="FPSim.cpp" />
    <ClCompile Include="App.cpp" />
    <ClCompile Include="GameMain.cpp" />
    <ClCompile Include="Content\Audio.cpp">
      <Filter>Audio</Filter>
    </ClCompile>
    <ClCompile Include="Content\SoundEffect.cpp">
      <Filter>Audio</Filter>
    </ClCompile>
    <ClCompile Include="Content\Level.cpp">
      <Filter>GameLevels</Filter>
    </ClCompile>
    <ClCompile Include="Content\Level1.cpp">
      <Filter>GameLevels</Filter>
    </ClCompile>
    <ClCompile Include="Level2.cpp">
      <Filter>GameLevels</Filter>
    </ClCompile>
    <ClCompile Include="Level3.cpp">
      <Filter>GameLevels</Filter>
    </ClCompile>
    <ClCompile Include="Level4.cpp">
      <Filter>GameLevels</Filter>
    </ClCompile>
    <ClCompile Include="Level5.cpp">
      <Filter>GameLevels</Filter>
    </ClCompile>
    <ClCompile Include="Level6.cpp">
      <Filter>GameLevels</Filter>
    </ClCompile>
    <ClCompile Include="Animate.cpp">
      <Filter>GameObjects</Filter>
    </ClCompile>
    <ClCompile Include="Camera.cpp">
      <Filter>GameObjects</Filter>
    </ClCompile>
    <ClCompile Include="Cylinder.cpp">
      <Filter>GameObjects</Filter>
    </ClCompile>
    <ClCompile Include="Face.cpp">
      <Filter>GameObjects</Filter>
    </ClCompile>
    <ClCompile Include="GameObject.cpp">
      <Filter>GameObjects</Filter>
    </ClCompile>
    <ClCompile Include="Sphere.cpp">
      <Filter>GameObjects</Filter>
    </ClCompile>
    <ClCompile Include="MoveLookController.cpp">
      <Filter>Input</Filter>
    </ClCompile>
    <ClCompile Include="CylinderMesh.cpp">
      <Filter>Meshes</Filter>
    </ClCompile>
    <ClCompile Include="FaceMesh.cpp">
      <Filter>Meshes</Filter>
    </ClCompile>
    <ClCompile Include="SphereMesh.cpp">
      <Filter>Meshes</Filter>
    </ClCompile>
    <ClCompile Include="WorldMesh.cpp">
      <Filter>Meshes</Filter>
    </ClCompile>
    <ClCompile Include="GameHud.cpp">
      <Filter>Rendering</Filter>
    </ClCompile>
    <ClCompile Include="GameInfoOverlay.cpp">
      <Filter>Rendering</Filter>
    </ClCompile>
    <ClCompile Include="GameRenderer.cpp">
      <Filter>Rendering</Filter>
    </ClCompile>
    <ClCompile Include="Material.cpp">
      <Filter>Rendering</Filter>
    </ClCompile>
    <ClCompile Include="StereoProjection.cpp">
      <Filter>Rendering</Filter>
    </ClCompile>
    <ClCompile Include="TargetTexture.cpp">
      <Filter>Rendering</Filter>
    </ClCompile>
    <ClCompile Include="MeshObject.cpp">
      <Filter>Resources</Filter>
    </ClCompile>
    <ClCompile Include="BasicLoader.cpp">
      <Filter>Utilities</Filter>
    </ClCompile>
    <ClCompile Include="BasicReaderWriter.cpp">
      <Filter>Utilities</Filter>
    </ClCompile>
    <ClCompile Include="DDSTextureLoader.cpp">
      <Filter>Utilities</Filter>
    </ClCompile>
    <ClCompile Include="DeviceResources.cpp">
      <Filter>Utilities</Filter>
    </ClCompile>
    <ClCompile Include="GameTimer.cpp">
      <Filter>Utilities</Filter>
    </ClCompile>
    <ClCompile Include="PersistentState.cpp">
      <Filter>Utilities</Filter>
    </ClCompile>
    <ClCompile Include="Content\MediaReader.cpp">
      <Filter>Audio</Filter>
    </ClCompile>
  </ItemGroup>
  <ItemGroup>
    <ClInclude Include="pch.h" />
    <ClInclude Include="FPSim.h" />
    <ClInclude Include="App.h" />
    <ClInclude Include="GameMain.h" />
    <ClInclude Include="GameUIConstants.h" />
    <ClInclude Include="GameUIControl.h" />
    <ClInclude Include="Content\Audio.h">
      <Filter>Audio</Filter>
    </ClInclude>
    <ClInclude Include="Content\SoundEffect.h">
      <Filter>Audio</Filter>
    </ClInclude>
    <ClInclude Include="Content\Level.h">
      <Filter>GameLevels</Filter>
    </ClInclude>
    <ClInclude Include="Content\Level1.h">
      <Filter>GameLevels</Filter>
    </ClInclude>
    <ClInclude Include="Level2.h">
      <Filter>GameLevels</Filter>
    </ClInclude>
    <ClInclude Include="Level3.h">
      <Filter>GameLevels</Filter>
    </ClInclude>
    <ClInclude Include="Level4.h">
      <Filter>GameLevels</Filter>
    </ClInclude>
    <ClInclude Include="Level5.h">
      <Filter>GameLevels</Filter>
    </ClInclude>
    <ClInclude Include="Level6.h">
      <Filter>GameLevels</Filter>
    </ClInclude>
    <ClInclude Include="Animate.h">
      <Filter>GameObjects</Filter>
    </ClInclude>
    <ClInclude Include="Camera.h">
      <Filter>GameObjects</Filter>
    </ClInclude>
    <ClInclude Include="Cylinder.h">
      <Filter>GameObjects</Filter>
    </ClInclude>
    <ClInclude Include="Face.h">
      <Filter>GameObjects</Filter>
    </ClInclude>
    <ClInclude Include="GameConstants.h">
      <Filter>GameObjects</Filter>
    </ClInclude>
    <ClInclude Include="GameObject.h">
      <Filter>GameObjects</Filter>
    </ClInclude>
    <ClInclude Include="Sphere.h">
      <Filter>GameObjects</Filter>
    </ClInclude>
    <ClInclude Include="MoveLookController.h">
      <Filter>Input</Filter>
    </ClInclude>
    <ClInclude Include="CylinderMesh.h">
      <Filter>Meshes</Filter>
    </ClInclude>
    <ClInclude Include="FaceMesh.h">
      <Filter>Meshes</Filter>
    </ClInclude>
    <ClInclude Include="SphereMesh.h">
      <Filter>Meshes</Filter>
    </ClInclude>
    <ClInclude Include="WorldMesh.h">
      <Filter>Meshes</Filter>
    </ClInclude>
    <ClInclude Include="ConstantBuffers.h">
      <Filter>Rendering</Filter>
    </ClInclude>
    <ClInclude Include="GameHud.h">
      <Filter>Rendering</Filter>
    </ClInclude>
    <ClInclude Include="GameInfoOverlay.h">
      <Filter>Rendering</Filter>
    </ClInclude>
    <ClInclude Include="GameRenderer.h">
      <Filter>Rendering</Filter>
    </ClInclude>
    <ClInclude Include="Material.h">
      <Filter>Rendering</Filter>
    </ClInclude>
    <ClInclude Include="StereoProjection.h">
      <Filter>Rendering</Filter>
    </ClInclude>
    <ClInclude Include="TargetTexture.h">
      <Filter>Rendering</Filter>
    </ClInclude>
    <ClInclude Include="MeshObject.h">
      <Filter>Resources</Filter>
    </ClInclude>
    <ClInclude Include="BasicLoader.h">
      <Filter>Utilities</Filter>
    </ClInclude>
    <ClInclude Include="BasicMath.h">
      <Filter>Utilities</Filter>
    </ClInclude>
    <ClInclude Include="BasicReaderWriter.h">
      <Filter>Utilities</Filter>
    </ClInclude>
    <ClInclude Include="BasicShapes.h">
      <Filter>Utilities</Filter>
    </ClInclude>
    <ClInclude Include="DDSTextureLoader.h">
      <Filter>Utilities</Filter>
    </ClInclude>
    <ClInclude Include="DeviceResources.h">
      <Filter>Utilities</Filter>
    </ClInclude>
    <ClInclude Include="BasicDirectX.h">
      <Filter>Utilities</Filter>
    </ClInclude>
    <ClInclude Include="GameTimer.h">
      <Filter>Utilities</Filter>
    </ClInclude>
    <ClInclude Include="PersistentState.h">
      <Filter>Utilities</Filter>
    </ClInclude>
    <ClInclude Include="Content\MediaReader.h">
      <Filter>Audio</Filter>
    </ClInclude>
  </ItemGroup>
  <ItemGroup>
    <Image Include="Assets\LockScreenLogo.scale-200.png">
      <Filter>Assets</Filter>
    </Image>
    <Image Include="Assets\SplashScreen.scale-200.png">
      <Filter>Assets</Filter>
    </Image>
    <Image Include="Assets\Square44x44Logo.scale-200.png">
      <Filter>Assets</Filter>
    </Image>
    <Image Include="Assets\Square44x44Logo.targetsize-24_altform-unplated.png">
      <Filter>Assets</Filter>
    </Image>
    <Image Include="Assets\StoreLogo.png">
      <Filter>Assets</Filter>
    </Image>
    <Image Include="Assets\Wide310x150Logo.scale-200.png">
      <Filter>Assets</Filter>
    </Image>
    <Image Include="Assets\cellceiling.dds">
      <Filter>Assets</Filter>
    </Image>
    <Image Include="Assets\cellfloor.dds">
      <Filter>Assets</Filter>
    </Image>
    <Image Include="Assets\cellwall.dds">
      <Filter>Assets</Filter>
    </Image>
    <Image Include="Assets\metal_texture.dds">
      <Filter>Assets</Filter>
    </Image>
    <Image Include="Assets\seafloor.dds">
      <Filter>Assets</Filter>
    </Image>
    <Image Include="Assets\smalltile-sdk.png">
      <Filter>Assets</Filter>
    </Image>
    <Image Include="Assets\splash-sdk.png">
      <Filter>Assets</Filter>
    </Image>
    <Image Include="Assets\tile-sdk.png">
      <Filter>Assets</Filter>
    </Image>
    <Image Include="Assets\windows-sdk.png">
      <Filter>Assets</Filter>
    </Image>
  </ItemGroup>
  <ItemGroup>
    <AppxManifest Include="Package.appxmanifest" />
  </ItemGroup>
  <ItemGroup>
    <Media Include="Assets\bounce.wav">
      <Filter>Assets</Filter>
    </Media>
    <Media Include="Assets\hit.wav">
      <Filter>Assets</Filter>
    </Media>
  </ItemGroup>
  <ItemGroup>
    <None Include="ConstantBuffers.hlsli">
      <Filter>Shaders</Filter>
    </None>
  </ItemGroup>
  <ItemGroup>
    <FxCompile Include="PixelShader.hlsl">
      <Filter>Shaders</Filter>
    </FxCompile>
    <FxCompile Include="PixelShaderFlat.hlsl">
      <Filter>Shaders</Filter>
    </FxCompile>
    <FxCompile Include="VertexShader.hlsl">
      <Filter>Shaders</Filter>
    </FxCompile>
    <FxCompile Include="VertexShaderFlat.hlsl">
      <Filter>Shaders</Filter>
    </FxCompile>
  </ItemGroup>
</Project>